hash: 687e226fa36a3193a97c8bed497a9da1f0e6a4a3e14b3aba53ace8323778577e
updated: 2017-03-30T11:25:34.301338594+01:00
imports:
- name: github.com/coreos/etcd
  version: 36735d52a4fde4d3d7e568d15c212d83970a7aab
  subpackages:
  - auth/authpb
  - client
  - clientv3
  - clientv3/concurrency
  - etcdserver/api/v3rpc/rpctypes
  - etcdserver/etcdserverpb
  - mvcc/mvccpb
  - pkg/pathutil
  - pkg/types
  - version
- name: github.com/coreos/go-semver
  version: 568e959cd89871e61434c1143528d9162da89ef2
  subpackages:
  - semver
- name: github.com/golang/protobuf
  version: 4bd1920723d7b7c925de087aa32e2187708897f7
  subpackages:
  - jsonpb
  - proto
- name: github.com/grpc-ecosystem/grpc-gateway
  version: 84398b94e188ee336f307779b57b3aa91af7063c
  subpackages:
  - runtime
  - runtime/internal
  - utilities
- name: github.com/IBM-Bluemix/go-etcd-lock
  version: 5b2bceba5526ce1d039c115619da2238c47ee76b
  subpackages:
  - lock
- name: github.com/ugorji/go
  version: ded73eae5db7e7a0ef6f55aace87a2873c5d2b74
  subpackages:
  - codec
- name: go.uber.org/atomic
  version: 3b8db5e93c4c02efbc313e17b2e796b0914a01fb
- name: go.uber.org/zap
  version: 4257c7cf05477d92ec25c31cfd3d60e89575f18a
  subpackages:
  - buffer
  - internal/bufferpool
  - internal/color
  - internal/exit
  - internal/multierror
  - zapcore
- name: golang.org/x/net
  version: f2499483f923065a842d38eb4c7f1927e6fc6e6d
  subpackages:
  - context
  - http2
  - http2/hpack
  - idna
  - internal/timeseries
  - lex/httplex
  - trace
- name: google.golang.org/grpc
  version: 777daa17ff9b5daef1cfdf915088a2ada3332bf0
  subpackages:
  - codes
  - credentials
  - grpclog
  - internal
  - metadata
  - naming
  - peer
  - transport
- name: gopkg.in/errgo.v1
  version: 442357a80af5c6bf9b6d51ae791a39c3421004f3
testImports:
- name: github.com/davecgh/go-spew
  version: 6d212800a42e8ab5c146b8ace3490ee17e5225f9
  subpackages:
  - spew
- name: github.com/pmezard/go-difflib
  version: d8ed2627bdf02c080bf22230dbb337003b7aba2d
  subpackages:
  - difflib
- name: github.com/stretchr/testify
  version: 69483b4bd14f5845b5a1e55bca19e954e827f1d0
  subpackages:
  - assert
